
Microsoft Visual Studio Solution File, Format Version 12.00
# Visual Studio Version 17
VisualStudioVersion = 17.10.35122.118
MinimumVisualStudioVersion = 10.0.40219.1
Project("{FAE04EC0-301F-11D3-BF4B-00C04F79EFBC}") = "OnlineEdu.API", "OnlineEdu.API\OnlineEdu.API.csproj", "{C065D244-5BDC-4EE5-94C4-50FCB82F09B5}"
EndProject
Project("{FAE04EC0-301F-11D3-BF4B-00C04F79EFBC}") = "OnlineEdu.Entity", "OnlineEdu.Entity\OnlineEdu.Entity.csproj", "{E57A26C6-511E-4439-8144-B71A18E2ABF8}"
EndProject
Project("{FAE04EC0-301F-11D3-BF4B-00C04F79EFBC}") = "OnlineEdu.DataAccess", "OnlineEdu.DataAccess\OnlineEdu.DataAccess.csproj", "{2C319009-E620-4B6A-9516-E06DE8660F70}"
EndProject
Project("{FAE04EC0-301F-11D3-BF4B-00C04F79EFBC}") = "OnlineEdu.Businnes", "OnlineEdu.Businnes\OnlineEdu.Businnes.csproj", "{48659D70-31E5-4A9F-AB2D-DCB3F3858D87}"
EndProject
Project("{FAE04EC0-301F-11D3-BF4B-00C04F79EFBC}") = "OnlineEdu.DTO", "OnlineEdu.DTO\OnlineEdu.DTO.csproj", "{3F9D78A6-CAD5-4E15-A607-1AAB0000770A}"
EndProject
Global
	GlobalSection(SolutionConfigurationPlatforms) = preSolution
		Debug|Any CPU = Debug|Any CPU
		Release|Any CPU = Release|Any CPU
	EndGlobalSection
	GlobalSection(ProjectConfigurationPlatforms) = postSolution
		{C065D244-5BDC-4EE5-94C4-50FCB82F09B5}.Debug|Any CPU.ActiveCfg = Debug|Any CPU
		{C065D244-5BDC-4EE5-94C4-50FCB82F09B5}.Debug|Any CPU.Build.0 = Debug|Any CPU
		{C065D244-5BDC-4EE5-94C4-50FCB82F09B5}.Release|Any CPU.ActiveCfg = Release|Any CPU
		{C065D244-5BDC-4EE5-94C4-50FCB82F09B5}.Release|Any CPU.Build.0 = Release|Any CPU
		{E57A26C6-511E-4439-8144-B71A18E2ABF8}.Debug|Any CPU.ActiveCfg = Debug|Any CPU
		{E57A26C6-511E-4439-8144-B71A18E2ABF8}.Debug|Any CPU.Build.0 = Debug|Any CPU
		{E57A26C6-511E-4439-8144-B71A18E2ABF8}.Release|Any CPU.ActiveCfg = Release|Any CPU
		{E57A26C6-511E-4439-8144-B71A18E2ABF8}.Release|Any CPU.Build.0 = Release|Any CPU
		{2C319009-E620-4B6A-9516-E06DE8660F70}.Debug|Any CPU.ActiveCfg = Debug|Any CPU
		{2C319009-E620-4B6A-9516-E06DE8660F70}.Debug|Any CPU.Build.0 = Debug|Any CPU
		{2C319009-E620-4B6A-9516-E06DE8660F70}.Release|Any CPU.ActiveCfg = Release|Any CPU
		{2C319009-E620-4B6A-9516-E06DE8660F70}.Release|Any CPU.Build.0 = Release|Any CPU
		{48659D70-31E5-4A9F-AB2D-DCB3F3858D87}.Debug|Any CPU.ActiveCfg = Debug|Any CPU
		{48659D70-31E5-4A9F-AB2D-DCB3F3858D87}.Debug|Any CPU.Build.0 = Debug|Any CPU
		{48659D70-31E5-4A9F-AB2D-DCB3F3858D87}.Release|Any CPU.ActiveCfg = Release|Any CPU
		{48659D70-31E5-4A9F-AB2D-DCB3F3858D87}.Release|Any CPU.Build.0 = Release|Any CPU
		{3F9D78A6-CAD5-4E15-A607-1AAB0000770A}.Debug|Any CPU.ActiveCfg = Debug|Any CPU
		{3F9D78A6-CAD5-4E15-A607-1AAB0000770A}.Debug|Any CPU.Build.0 = Debug|Any CPU
		{3F9D78A6-CAD5-4E15-A607-1AAB0000770A}.Release|Any CPU.ActiveCfg = Release|Any CPU
		{3F9D78A6-CAD5-4E15-A607-1AAB0000770A}.Release|Any CPU.Build.0 = Release|Any CPU
	EndGlobalSection
	GlobalSection(SolutionProperties) = preSolution
		HideSolutionNode = FALSE
	EndGlobalSection
	GlobalSection(ExtensibilityGlobals) = postSolution
		SolutionGuid = {6DCEBBFE-B99C-41CE-91C0-3F0D71DD7A81}
	EndGlobalSection
EndGlobal
